
Microsoft Visual Studio Solution File, Format Version 12.00
# Visual Studio Version 17
VisualStudioVersion = 17.8.34330.188
MinimumVisualStudioVersion = 10.0.40219.1
Project("{FAE04EC0-301F-11D3-BF4B-00C04F79EFBC}") = "Lab5", "Lab5\Lab5.csproj", "{C7EC0CE5-0145-4B2D-8360-BA7A24E6D06B}"
EndProject
Global
	GlobalSection(SolutionConfigurationPlatforms) = preSolution
		Debug|Any CPU = Debug|Any CPU
		Release|Any CPU = Release|Any CPU
	EndGlobalSection
	GlobalSection(ProjectConfigurationPlatforms) = postSolution
		{C7EC0CE5-0145-4B2D-8360-BA7A24E6D06B}.Debug|Any CPU.ActiveCfg = Debug|Any CPU
		{C7EC0CE5-0145-4B2D-8360-BA7A24E6D06B}.Debug|Any CPU.Build.0 = Debug|Any CPU
		{C7EC0CE5-0145-4B2D-8360-BA7A24E6D06B}.Release|Any CPU.ActiveCfg = Release|Any CPU
		{C7EC0CE5-0145-4B2D-8360-BA7A24E6D06B}.Release|Any CPU.Build.0 = Release|Any CPU
	EndGlobalSection
	GlobalSection(SolutionProperties) = preSolution
		HideSolutionNode = FALSE
	EndGlobalSection
	GlobalSection(ExtensibilityGlobals) = postSolution
		SolutionGuid = {169519F4-985D-4FFB-8BC2-0CF99E919BB3}
	EndGlobalSection
EndGlobal
